
Microsoft Visual Studio Solution File, Format Version 12.00
# Visual Studio Version 16
VisualStudioVersion = 16.0.28701.123
MinimumVisualStudioVersion = 10.0.40219.1
Project("{9A19103F-16F7-4668-BE54-9A1E7A4F7556}") = "Get.the.solution.Image.Manipulation.Contract", "Image.Manipulation.Contract\Get.the.solution.Image.Manipulation.Contract.csproj", "{20796337-56F2-407E-AE6C-840C29715160}"
EndProject
Project("{9A19103F-16F7-4668-BE54-9A1E7A4F7556}") = "Get.the.solution.Image.Contract", "Image.Contract\Get.the.solution.Image.Contract.csproj", "{BCCDE32D-E0CD-4BF1-8D6E-A68918B90746}"
EndProject
Project("{9A19103F-16F7-4668-BE54-9A1E7A4F7556}") = "Get.the.solution.Image.ResizeService", "Image.ResizeService\Get.the.solution.Image.ResizeService.csproj", "{C4FA9E13-5DFF-4057-9828-B2CD56AD4E00}"
EndProject
Project("{9A19103F-16F7-4668-BE54-9A1E7A4F7556}") = "Get.the.solution.Image.Manipulation.ViewModel", "Image.Manipulation.ViewModel\Get.the.solution.Image.Manipulation.ViewModel.csproj", "{6DE8A41E-20F7-4F0A-A92B-BE44142E4E92}"
EndProject
Project("{9A19103F-16F7-4668-BE54-9A1E7A4F7556}") = "Get.the.solution.Image.Manipulation.ServiceBase", "Image.Manipulation.ServiceBase\Get.the.solution.Image.Manipulation.ServiceBase.csproj", "{D95F0B98-7511-4E60-A92F-7E2CC88A65E1}"
EndProject
Global
	GlobalSection(SolutionConfigurationPlatforms) = preSolution
		Debug|Any CPU = Debug|Any CPU
		Release|Any CPU = Release|Any CPU
	EndGlobalSection
	GlobalSection(ProjectConfigurationPlatforms) = postSolution
		{20796337-56F2-407E-AE6C-840C29715160}.Debug|Any CPU.ActiveCfg = Debug|Any CPU
		{20796337-56F2-407E-AE6C-840C29715160}.Debug|Any CPU.Build.0 = Debug|Any CPU
		{20796337-56F2-407E-AE6C-840C29715160}.Release|Any CPU.ActiveCfg = Release|Any CPU
		{20796337-56F2-407E-AE6C-840C29715160}.Release|Any CPU.Build.0 = Release|Any CPU
		{BCCDE32D-E0CD-4BF1-8D6E-A68918B90746}.Debug|Any CPU.ActiveCfg = Debug|Any CPU
		{BCCDE32D-E0CD-4BF1-8D6E-A68918B90746}.Debug|Any CPU.Build.0 = Debug|Any CPU
		{BCCDE32D-E0CD-4BF1-8D6E-A68918B90746}.Release|Any CPU.ActiveCfg = Release|Any CPU
		{BCCDE32D-E0CD-4BF1-8D6E-A68918B90746}.Release|Any CPU.Build.0 = Release|Any CPU
		{C4FA9E13-5DFF-4057-9828-B2CD56AD4E00}.Debug|Any CPU.ActiveCfg = Debug|Any CPU
		{C4FA9E13-5DFF-4057-9828-B2CD56AD4E00}.Debug|Any CPU.Build.0 = Debug|Any CPU
		{C4FA9E13-5DFF-4057-9828-B2CD56AD4E00}.Release|Any CPU.ActiveCfg = Release|Any CPU
		{C4FA9E13-5DFF-4057-9828-B2CD56AD4E00}.Release|Any CPU.Build.0 = Release|Any CPU
		{6DE8A41E-20F7-4F0A-A92B-BE44142E4E92}.Debug|Any CPU.ActiveCfg = Debug|Any CPU
		{6DE8A41E-20F7-4F0A-A92B-BE44142E4E92}.Debug|Any CPU.Build.0 = Debug|Any CPU
		{6DE8A41E-20F7-4F0A-A92B-BE44142E4E92}.Release|Any CPU.ActiveCfg = Release|Any CPU
		{6DE8A41E-20F7-4F0A-A92B-BE44142E4E92}.Release|Any CPU.Build.0 = Release|Any CPU
		{D95F0B98-7511-4E60-A92F-7E2CC88A65E1}.Debug|Any CPU.ActiveCfg = Debug|Any CPU
		{D95F0B98-7511-4E60-A92F-7E2CC88A65E1}.Debug|Any CPU.Build.0 = Debug|Any CPU
		{D95F0B98-7511-4E60-A92F-7E2CC88A65E1}.Release|Any CPU.ActiveCfg = Release|Any CPU
		{D95F0B98-7511-4E60-A92F-7E2CC88A65E1}.Release|Any CPU.Build.0 = Release|Any CPU
	EndGlobalSection
	GlobalSection(SolutionProperties) = preSolution
		HideSolutionNode = FALSE
	EndGlobalSection
	GlobalSection(ExtensibilityGlobals) = postSolution
		SolutionGuid = {9817DAE9-8317-42E3-B00E-57B648880FD5}
	EndGlobalSection
EndGlobal
