
Microsoft Visual Studio Solution File, Format Version 12.00
# Visual Studio 14
VisualStudioVersion = 14.0.25420.1
MinimumVisualStudioVersion = 10.0.40219.1
Project("{FAE04EC0-301F-11D3-BF4B-00C04F79EFBC}") = "Get.the.solution.Image.Manipulation.Shell", "Get.the.solution.Image.Manipulation.Shell\Get.the.solution.Image.Manipulation.Shell.csproj", "{2837F837-CAFE-48A1-A1F3-9575E18524ED}"
EndProject
Project("{FAE04EC0-301F-11D3-BF4B-00C04F79EFBC}") = "Get.the.solution.UWP.XAML", "..\Get.the.solution.UWP.XAML\Core\Get.the.solution.UWP.XAML.csproj", "{F2AE0BDB-F74A-4017-8064-93B7AEF8EC25}"
EndProject
Project("{FAE04EC0-301F-11D3-BF4B-00C04F79EFBC}") = "Get.the.solution.Image.Manipulation.Resources", "Get.the.solution.Image.Manipulation.Resources\Get.the.solution.Image.Manipulation.Resources.csproj", "{3597DCBB-2B03-44DD-85E7-9EF5AD703652}"
EndProject
Global
	GlobalSection(SolutionConfigurationPlatforms) = preSolution
		Debug|Any CPU = Debug|Any CPU
		Debug|ARM = Debug|ARM
		Debug|x64 = Debug|x64
		Debug|x86 = Debug|x86
		Release|Any CPU = Release|Any CPU
		Release|ARM = Release|ARM
		Release|x64 = Release|x64
		Release|x86 = Release|x86
	EndGlobalSection
	GlobalSection(ProjectConfigurationPlatforms) = postSolution
		{2837F837-CAFE-48A1-A1F3-9575E18524ED}.Debug|Any CPU.ActiveCfg = Debug|x86
		{2837F837-CAFE-48A1-A1F3-9575E18524ED}.Debug|Any CPU.Build.0 = Debug|x86
		{2837F837-CAFE-48A1-A1F3-9575E18524ED}.Debug|Any CPU.Deploy.0 = Debug|x86
		{2837F837-CAFE-48A1-A1F3-9575E18524ED}.Debug|ARM.ActiveCfg = Debug|ARM
		{2837F837-CAFE-48A1-A1F3-9575E18524ED}.Debug|ARM.Build.0 = Debug|ARM
		{2837F837-CAFE-48A1-A1F3-9575E18524ED}.Debug|ARM.Deploy.0 = Debug|ARM
		{2837F837-CAFE-48A1-A1F3-9575E18524ED}.Debug|x64.ActiveCfg = Debug|x64
		{2837F837-CAFE-48A1-A1F3-9575E18524ED}.Debug|x64.Build.0 = Debug|x64
		{2837F837-CAFE-48A1-A1F3-9575E18524ED}.Debug|x64.Deploy.0 = Debug|x64
		{2837F837-CAFE-48A1-A1F3-9575E18524ED}.Debug|x86.ActiveCfg = Debug|x86
		{2837F837-CAFE-48A1-A1F3-9575E18524ED}.Debug|x86.Build.0 = Debug|x86
		{2837F837-CAFE-48A1-A1F3-9575E18524ED}.Debug|x86.Deploy.0 = Debug|x86
		{2837F837-CAFE-48A1-A1F3-9575E18524ED}.Release|Any CPU.ActiveCfg = Release|x86
		{2837F837-CAFE-48A1-A1F3-9575E18524ED}.Release|ARM.ActiveCfg = Release|ARM
		{2837F837-CAFE-48A1-A1F3-9575E18524ED}.Release|ARM.Build.0 = Release|ARM
		{2837F837-CAFE-48A1-A1F3-9575E18524ED}.Release|ARM.Deploy.0 = Release|ARM
		{2837F837-CAFE-48A1-A1F3-9575E18524ED}.Release|x64.ActiveCfg = Release|x64
		{2837F837-CAFE-48A1-A1F3-9575E18524ED}.Release|x64.Build.0 = Release|x64
		{2837F837-CAFE-48A1-A1F3-9575E18524ED}.Release|x64.Deploy.0 = Release|x64
		{2837F837-CAFE-48A1-A1F3-9575E18524ED}.Release|x86.ActiveCfg = Release|x86
		{2837F837-CAFE-48A1-A1F3-9575E18524ED}.Release|x86.Build.0 = Release|x86
		{2837F837-CAFE-48A1-A1F3-9575E18524ED}.Release|x86.Deploy.0 = Release|x86
		{F2AE0BDB-F74A-4017-8064-93B7AEF8EC25}.Debug|Any CPU.ActiveCfg = Debug|Any CPU
		{F2AE0BDB-F74A-4017-8064-93B7AEF8EC25}.Debug|Any CPU.Build.0 = Debug|Any CPU
		{F2AE0BDB-F74A-4017-8064-93B7AEF8EC25}.Debug|ARM.ActiveCfg = Debug|ARM
		{F2AE0BDB-F74A-4017-8064-93B7AEF8EC25}.Debug|ARM.Build.0 = Debug|ARM
		{F2AE0BDB-F74A-4017-8064-93B7AEF8EC25}.Debug|x64.ActiveCfg = Debug|x64
		{F2AE0BDB-F74A-4017-8064-93B7AEF8EC25}.Debug|x64.Build.0 = Debug|x64
		{F2AE0BDB-F74A-4017-8064-93B7AEF8EC25}.Debug|x86.ActiveCfg = Debug|x86
		{F2AE0BDB-F74A-4017-8064-93B7AEF8EC25}.Debug|x86.Build.0 = Debug|x86
		{F2AE0BDB-F74A-4017-8064-93B7AEF8EC25}.Release|Any CPU.ActiveCfg = Release|Any CPU
		{F2AE0BDB-F74A-4017-8064-93B7AEF8EC25}.Release|Any CPU.Build.0 = Release|Any CPU
		{F2AE0BDB-F74A-4017-8064-93B7AEF8EC25}.Release|ARM.ActiveCfg = Release|ARM
		{F2AE0BDB-F74A-4017-8064-93B7AEF8EC25}.Release|ARM.Build.0 = Release|ARM
		{F2AE0BDB-F74A-4017-8064-93B7AEF8EC25}.Release|x64.ActiveCfg = Release|x64
		{F2AE0BDB-F74A-4017-8064-93B7AEF8EC25}.Release|x64.Build.0 = Release|x64
		{F2AE0BDB-F74A-4017-8064-93B7AEF8EC25}.Release|x86.ActiveCfg = Release|x86
		{F2AE0BDB-F74A-4017-8064-93B7AEF8EC25}.Release|x86.Build.0 = Release|x86
		{3597DCBB-2B03-44DD-85E7-9EF5AD703652}.Debug|Any CPU.ActiveCfg = Debug|Any CPU
		{3597DCBB-2B03-44DD-85E7-9EF5AD703652}.Debug|Any CPU.Build.0 = Debug|Any CPU
		{3597DCBB-2B03-44DD-85E7-9EF5AD703652}.Debug|ARM.ActiveCfg = Debug|ARM
		{3597DCBB-2B03-44DD-85E7-9EF5AD703652}.Debug|ARM.Build.0 = Debug|ARM
		{3597DCBB-2B03-44DD-85E7-9EF5AD703652}.Debug|x64.ActiveCfg = Debug|x64
		{3597DCBB-2B03-44DD-85E7-9EF5AD703652}.Debug|x64.Build.0 = Debug|x64
		{3597DCBB-2B03-44DD-85E7-9EF5AD703652}.Debug|x86.ActiveCfg = Debug|x86
		{3597DCBB-2B03-44DD-85E7-9EF5AD703652}.Debug|x86.Build.0 = Debug|x86
		{3597DCBB-2B03-44DD-85E7-9EF5AD703652}.Release|Any CPU.ActiveCfg = Release|Any CPU
		{3597DCBB-2B03-44DD-85E7-9EF5AD703652}.Release|Any CPU.Build.0 = Release|Any CPU
		{3597DCBB-2B03-44DD-85E7-9EF5AD703652}.Release|ARM.ActiveCfg = Release|ARM
		{3597DCBB-2B03-44DD-85E7-9EF5AD703652}.Release|ARM.Build.0 = Release|ARM
		{3597DCBB-2B03-44DD-85E7-9EF5AD703652}.Release|x64.ActiveCfg = Release|x64
		{3597DCBB-2B03-44DD-85E7-9EF5AD703652}.Release|x64.Build.0 = Release|x64
		{3597DCBB-2B03-44DD-85E7-9EF5AD703652}.Release|x86.ActiveCfg = Release|x86
		{3597DCBB-2B03-44DD-85E7-9EF5AD703652}.Release|x86.Build.0 = Release|x86
	EndGlobalSection
	GlobalSection(SolutionProperties) = preSolution
		HideSolutionNode = FALSE
	EndGlobalSection
EndGlobal
